
Microsoft Visual Studio Solution File, Format Version 12.00
# Visual Studio Version 17
VisualStudioVersion = 17.14.36109.1
MinimumVisualStudioVersion = 10.0.40219.1
Project("{FAE04EC0-301F-11D3-BF4B-00C04F79EFBC}") = "ProtocolModels", "src\ProtocolModels.csproj", "{7BA028AA-3655-5713-938C-294024D58260}"
EndProject
Project("{FAE04EC0-301F-11D3-BF4B-00C04F79EFBC}") = "UnitTests", "tests\UnitTests.csproj", "{A13B8C93-64EA-04E6-A21E-20323ED872E0}"
EndProject
Project("{FAE04EC0-301F-11D3-BF4B-00C04F79EFBC}") = "System.CLientModel.Json", "System.CLientModel.Json\System.CLientModel.Json.csproj", "{4B8CD3B3-55B5-4D49-A69D-27F135E75742}"
EndProject
Project("{FAE04EC0-301F-11D3-BF4B-00C04F79EFBC}") = "System.ClientModel.Proxies", "System.ClientModel.Proxies\System.ClientModel.Proxies.csproj", "{68860569-0492-4086-9ED6-95A7DD8EACD5}"
EndProject
Global
	GlobalSection(SolutionConfigurationPlatforms) = preSolution
		Debug|Any CPU = Debug|Any CPU
		Release|Any CPU = Release|Any CPU
	EndGlobalSection
	GlobalSection(ProjectConfigurationPlatforms) = postSolution
		{7BA028AA-3655-5713-938C-294024D58260}.Debug|Any CPU.ActiveCfg = Debug|Any CPU
		{7BA028AA-3655-5713-938C-294024D58260}.Debug|Any CPU.Build.0 = Debug|Any CPU
		{7BA028AA-3655-5713-938C-294024D58260}.Release|Any CPU.ActiveCfg = Release|Any CPU
		{7BA028AA-3655-5713-938C-294024D58260}.Release|Any CPU.Build.0 = Release|Any CPU
		{A13B8C93-64EA-04E6-A21E-20323ED872E0}.Debug|Any CPU.ActiveCfg = Debug|Any CPU
		{A13B8C93-64EA-04E6-A21E-20323ED872E0}.Debug|Any CPU.Build.0 = Debug|Any CPU
		{A13B8C93-64EA-04E6-A21E-20323ED872E0}.Release|Any CPU.ActiveCfg = Release|Any CPU
		{A13B8C93-64EA-04E6-A21E-20323ED872E0}.Release|Any CPU.Build.0 = Release|Any CPU
		{4B8CD3B3-55B5-4D49-A69D-27F135E75742}.Debug|Any CPU.ActiveCfg = Debug|Any CPU
		{4B8CD3B3-55B5-4D49-A69D-27F135E75742}.Debug|Any CPU.Build.0 = Debug|Any CPU
		{4B8CD3B3-55B5-4D49-A69D-27F135E75742}.Release|Any CPU.ActiveCfg = Release|Any CPU
		{4B8CD3B3-55B5-4D49-A69D-27F135E75742}.Release|Any CPU.Build.0 = Release|Any CPU
		{68860569-0492-4086-9ED6-95A7DD8EACD5}.Debug|Any CPU.ActiveCfg = Debug|Any CPU
		{68860569-0492-4086-9ED6-95A7DD8EACD5}.Debug|Any CPU.Build.0 = Debug|Any CPU
		{68860569-0492-4086-9ED6-95A7DD8EACD5}.Release|Any CPU.ActiveCfg = Release|Any CPU
		{68860569-0492-4086-9ED6-95A7DD8EACD5}.Release|Any CPU.Build.0 = Release|Any CPU
	EndGlobalSection
	GlobalSection(SolutionProperties) = preSolution
		HideSolutionNode = FALSE
	EndGlobalSection
	GlobalSection(ExtensibilityGlobals) = postSolution
		SolutionGuid = {A11FA896-6313-4548-A33F-9EEC4E7AE3C3}
	EndGlobalSection
EndGlobal
